{
    "_readme": [
        "This file locks the dependencies of your project to a known state",
        "Read more about it at http://getcomposer.org/doc/01-basic-usage.md#composer-lock-the-lock-file"
    ],
    "hash": "ea3d5cae7066ce90d010538a6106a60d",
    "packages": [
        {
            "name": "jgillmanjr/php-proplogic",
            "version": "dev-master",
            "source": {
                "type": "git",
                "url": "https://github.com/jgillmanjr/php-propLogic.git",
                "reference": "4b223eb190b1eff2392911994189e0401ae679dd"
            },
            "dist": {
                "type": "zip",
                "url": "https://api.github.com/repos/jgillmanjr/php-propLogic/zipball/4b223eb190b1eff2392911994189e0401ae679dd",
                "reference": "4b223eb190b1eff2392911994189e0401ae679dd",
                "shasum": ""
            },
            "type": "library",
            "autoload": {
                "files": [
                    "propLogic.class.php"
                ]
            },
            "notification-url": "https://packagist.org/downloads/",
            "license": [
                "Apache-2.0"
            ],
            "description": "A simple propositional logic parser",
            "homepage": "https://github.com/jgillmanjr/php-propLogic",
            "time": "2014-01-10 21:01:46"
        }
    ],
    "packages-dev": [

    ],
    "aliases": [

    ],
    "minimum-stability": "stable",
    "stability-flags": {
        "jgillmanjr/php-proplogic": 20
    },
    "platform": [

    ],
    "platform-dev": [

    ]
}
